
Microsoft Visual Studio Solution File, Format Version 12.00
Project("{FAE04EC0-301F-11D3-BF4B-00C04F79EFBC}") = "API", "API\API.csproj", "{A6CB932E-5D01-4D23-AA7C-8E5F9D170419}"
EndProject
Project("{FAE04EC0-301F-11D3-BF4B-00C04F79EFBC}") = "Persistence", "Persistence\Persistence.csproj", "{DAD2BC43-F7CA-47AD-A321-3A1734021395}"
EndProject
Project("{FAE04EC0-301F-11D3-BF4B-00C04F79EFBC}") = "Data", "Data\Data.csproj", "{63CE659A-4F16-4FB8-993E-746548E77218}"
EndProject
Global
	GlobalSection(SolutionConfigurationPlatforms) = preSolution
		Debug|Any CPU = Debug|Any CPU
		Release|Any CPU = Release|Any CPU
	EndGlobalSection
	GlobalSection(ProjectConfigurationPlatforms) = postSolution
		{A6CB932E-5D01-4D23-AA7C-8E5F9D170419}.Debug|Any CPU.ActiveCfg = Debug|Any CPU
		{A6CB932E-5D01-4D23-AA7C-8E5F9D170419}.Debug|Any CPU.Build.0 = Debug|Any CPU
		{A6CB932E-5D01-4D23-AA7C-8E5F9D170419}.Release|Any CPU.ActiveCfg = Release|Any CPU
		{A6CB932E-5D01-4D23-AA7C-8E5F9D170419}.Release|Any CPU.Build.0 = Release|Any CPU
		{DAD2BC43-F7CA-47AD-A321-3A1734021395}.Debug|Any CPU.ActiveCfg = Debug|Any CPU
		{DAD2BC43-F7CA-47AD-A321-3A1734021395}.Debug|Any CPU.Build.0 = Debug|Any CPU
		{DAD2BC43-F7CA-47AD-A321-3A1734021395}.Release|Any CPU.ActiveCfg = Release|Any CPU
		{DAD2BC43-F7CA-47AD-A321-3A1734021395}.Release|Any CPU.Build.0 = Release|Any CPU
		{63CE659A-4F16-4FB8-993E-746548E77218}.Debug|Any CPU.ActiveCfg = Debug|Any CPU
		{63CE659A-4F16-4FB8-993E-746548E77218}.Debug|Any CPU.Build.0 = Debug|Any CPU
		{63CE659A-4F16-4FB8-993E-746548E77218}.Release|Any CPU.ActiveCfg = Release|Any CPU
		{63CE659A-4F16-4FB8-993E-746548E77218}.Release|Any CPU.Build.0 = Release|Any CPU
	EndGlobalSection
EndGlobal
